
Microsoft Visual Studio Solution File, Format Version 12.00
Project("{2150E333-8FDC-42A3-9474-1A3956D46DE8}") = "src", "src", "{2524BF44-7A80-479D-AE63-047F71D63BCB}"
EndProject
Project("{2150E333-8FDC-42A3-9474-1A3956D46DE8}") = "tests", "tests", "{300E810F-BC83-44BB-ADFB-1BA0AAB0978F}"
EndProject
Project("{FAE04EC0-301F-11D3-BF4B-00C04F79EFBC}") = "SpecsForExample.Domain", "SpecsForExample.Domain\SpecsForExample.Domain.csproj", "{0608430E-6694-4296-BD48-E8ED318F1A8E}"
EndProject
Project("{FAE04EC0-301F-11D3-BF4B-00C04F79EFBC}") = "SpecsForExample.Tests", "SpecsForExample.Tests\SpecsForExample.Tests.csproj", "{B9724002-F530-4CA4-A7E0-86D6E27A4CB0}"
EndProject
Global
	GlobalSection(SolutionConfigurationPlatforms) = preSolution
		Debug|Any CPU = Debug|Any CPU
		Release|Any CPU = Release|Any CPU
	EndGlobalSection
	GlobalSection(NestedProjects) = preSolution
		{0608430E-6694-4296-BD48-E8ED318F1A8E} = {2524BF44-7A80-479D-AE63-047F71D63BCB}
		{B9724002-F530-4CA4-A7E0-86D6E27A4CB0} = {300E810F-BC83-44BB-ADFB-1BA0AAB0978F}
	EndGlobalSection
	GlobalSection(ProjectConfigurationPlatforms) = postSolution
		{0608430E-6694-4296-BD48-E8ED318F1A8E}.Debug|Any CPU.ActiveCfg = Debug|Any CPU
		{0608430E-6694-4296-BD48-E8ED318F1A8E}.Debug|Any CPU.Build.0 = Debug|Any CPU
		{0608430E-6694-4296-BD48-E8ED318F1A8E}.Release|Any CPU.ActiveCfg = Release|Any CPU
		{0608430E-6694-4296-BD48-E8ED318F1A8E}.Release|Any CPU.Build.0 = Release|Any CPU
		{B9724002-F530-4CA4-A7E0-86D6E27A4CB0}.Debug|Any CPU.ActiveCfg = Debug|Any CPU
		{B9724002-F530-4CA4-A7E0-86D6E27A4CB0}.Debug|Any CPU.Build.0 = Debug|Any CPU
		{B9724002-F530-4CA4-A7E0-86D6E27A4CB0}.Release|Any CPU.ActiveCfg = Release|Any CPU
		{B9724002-F530-4CA4-A7E0-86D6E27A4CB0}.Release|Any CPU.Build.0 = Release|Any CPU
	EndGlobalSection
EndGlobal
